
Microsoft Visual Studio Solution File, Format Version 12.00
# Visual Studio Version 17
VisualStudioVersion = 17.6.33815.320
MinimumVisualStudioVersion = 10.0.40219.1
Project("{FAE04EC0-301F-11D3-BF4B-00C04F79EFBC}") = "Hill Cipher D", "Hill Cipher D\Hill Cipher D.csproj", "{B4855E91-BF34-4A76-A5C7-67AE4F77DAEE}"
EndProject
Global
	GlobalSection(SolutionConfigurationPlatforms) = preSolution
		Debug|Any CPU = Debug|Any CPU
		Release|Any CPU = Release|Any CPU
	EndGlobalSection
	GlobalSection(ProjectConfigurationPlatforms) = postSolution
		{B4855E91-BF34-4A76-A5C7-67AE4F77DAEE}.Debug|Any CPU.ActiveCfg = Debug|Any CPU
		{B4855E91-BF34-4A76-A5C7-67AE4F77DAEE}.Debug|Any CPU.Build.0 = Debug|Any CPU
		{B4855E91-BF34-4A76-A5C7-67AE4F77DAEE}.Release|Any CPU.ActiveCfg = Release|Any CPU
		{B4855E91-BF34-4A76-A5C7-67AE4F77DAEE}.Release|Any CPU.Build.0 = Release|Any CPU
	EndGlobalSection
	GlobalSection(SolutionProperties) = preSolution
		HideSolutionNode = FALSE
	EndGlobalSection
	GlobalSection(ExtensibilityGlobals) = postSolution
		SolutionGuid = {754CD638-B43D-4292-82AC-35D62712CB7C}
	EndGlobalSection
EndGlobal
