
Microsoft Visual Studio Solution File, Format Version 12.00
# Visual Studio Version 17
VisualStudioVersion = 17.6.33829.357
MinimumVisualStudioVersion = 10.0.40219.1
Project("{FAE04EC0-301F-11D3-BF4B-00C04F79EFBC}") = "二元樹資訊", "二元樹資訊.csproj", "{B11B200E-F89D-4724-BD19-56E2E28573E4}"
EndProject
Global
	GlobalSection(SolutionConfigurationPlatforms) = preSolution
		Debug|Any CPU = Debug|Any CPU
		Release|Any CPU = Release|Any CPU
	EndGlobalSection
	GlobalSection(ProjectConfigurationPlatforms) = postSolution
		{B11B200E-F89D-4724-BD19-56E2E28573E4}.Debug|Any CPU.ActiveCfg = Debug|Any CPU
		{B11B200E-F89D-4724-BD19-56E2E28573E4}.Debug|Any CPU.Build.0 = Debug|Any CPU
		{B11B200E-F89D-4724-BD19-56E2E28573E4}.Release|Any CPU.ActiveCfg = Release|Any CPU
		{B11B200E-F89D-4724-BD19-56E2E28573E4}.Release|Any CPU.Build.0 = Release|Any CPU
	EndGlobalSection
	GlobalSection(SolutionProperties) = preSolution
		HideSolutionNode = FALSE
	EndGlobalSection
	GlobalSection(ExtensibilityGlobals) = postSolution
		SolutionGuid = {10B79BAF-89C1-47F4-A34A-CC353BEEA674}
	EndGlobalSection
EndGlobal
