
Microsoft Visual Studio Solution File, Format Version 12.00
# Visual Studio Version 17
VisualStudioVersion = 17.6.33815.320
MinimumVisualStudioVersion = 10.0.40219.1
Project("{FAE04EC0-301F-11D3-BF4B-00C04F79EFBC}") = "Hill Cipher E", "Hill Cipher E\Hill Cipher E.csproj", "{280C1CE2-B0D4-4F61-930A-EAF55C50BFFA}"
EndProject
Global
	GlobalSection(SolutionConfigurationPlatforms) = preSolution
		Debug|Any CPU = Debug|Any CPU
		Release|Any CPU = Release|Any CPU
	EndGlobalSection
	GlobalSection(ProjectConfigurationPlatforms) = postSolution
		{280C1CE2-B0D4-4F61-930A-EAF55C50BFFA}.Debug|Any CPU.ActiveCfg = Debug|Any CPU
		{280C1CE2-B0D4-4F61-930A-EAF55C50BFFA}.Debug|Any CPU.Build.0 = Debug|Any CPU
		{280C1CE2-B0D4-4F61-930A-EAF55C50BFFA}.Release|Any CPU.ActiveCfg = Release|Any CPU
		{280C1CE2-B0D4-4F61-930A-EAF55C50BFFA}.Release|Any CPU.Build.0 = Release|Any CPU
	EndGlobalSection
	GlobalSection(SolutionProperties) = preSolution
		HideSolutionNode = FALSE
	EndGlobalSection
	GlobalSection(ExtensibilityGlobals) = postSolution
		SolutionGuid = {E6416C63-ACC6-46B2-934D-B4EFD42E60AA}
	EndGlobalSection
EndGlobal
