
Microsoft Visual Studio Solution File, Format Version 12.00
# Visual Studio Version 17
VisualStudioVersion = 17.7.34018.315
MinimumVisualStudioVersion = 10.0.40219.1
Project("{FAE04EC0-301F-11D3-BF4B-00C04F79EFBC}") = "總和組合", "總和組合.csproj", "{8DCE7620-1290-4465-A196-63E2FF6C7833}"
EndProject
Global
	GlobalSection(SolutionConfigurationPlatforms) = preSolution
		Debug|Any CPU = Debug|Any CPU
		Release|Any CPU = Release|Any CPU
	EndGlobalSection
	GlobalSection(ProjectConfigurationPlatforms) = postSolution
		{8DCE7620-1290-4465-A196-63E2FF6C7833}.Debug|Any CPU.ActiveCfg = Debug|Any CPU
		{8DCE7620-1290-4465-A196-63E2FF6C7833}.Debug|Any CPU.Build.0 = Debug|Any CPU
		{8DCE7620-1290-4465-A196-63E2FF6C7833}.Release|Any CPU.ActiveCfg = Release|Any CPU
		{8DCE7620-1290-4465-A196-63E2FF6C7833}.Release|Any CPU.Build.0 = Release|Any CPU
	EndGlobalSection
	GlobalSection(SolutionProperties) = preSolution
		HideSolutionNode = FALSE
	EndGlobalSection
	GlobalSection(ExtensibilityGlobals) = postSolution
		SolutionGuid = {5220BAE1-9B2D-43DB-8929-569F9A16B86F}
	EndGlobalSection
EndGlobal
