
Microsoft Visual Studio Solution File, Format Version 12.00
# Visual Studio Version 17
VisualStudioVersion = 17.7.34018.315
MinimumVisualStudioVersion = 10.0.40219.1
Project("{FAE04EC0-301F-11D3-BF4B-00C04F79EFBC}") = "最長共同子序列LCS", "最長共同子序列LCS.csproj", "{C6616178-FB25-43FE-BF97-94C0FB1E477A}"
EndProject
Global
	GlobalSection(SolutionConfigurationPlatforms) = preSolution
		Debug|Any CPU = Debug|Any CPU
		Release|Any CPU = Release|Any CPU
	EndGlobalSection
	GlobalSection(ProjectConfigurationPlatforms) = postSolution
		{C6616178-FB25-43FE-BF97-94C0FB1E477A}.Debug|Any CPU.ActiveCfg = Debug|Any CPU
		{C6616178-FB25-43FE-BF97-94C0FB1E477A}.Debug|Any CPU.Build.0 = Debug|Any CPU
		{C6616178-FB25-43FE-BF97-94C0FB1E477A}.Release|Any CPU.ActiveCfg = Release|Any CPU
		{C6616178-FB25-43FE-BF97-94C0FB1E477A}.Release|Any CPU.Build.0 = Release|Any CPU
	EndGlobalSection
	GlobalSection(SolutionProperties) = preSolution
		HideSolutionNode = FALSE
	EndGlobalSection
	GlobalSection(ExtensibilityGlobals) = postSolution
		SolutionGuid = {626A3F56-5DA7-4035-80BC-A92C4740A0CD}
	EndGlobalSection
EndGlobal
