
Microsoft Visual Studio Solution File, Format Version 12.00
# Visual Studio Version 17
VisualStudioVersion = 17.7.34221.43
MinimumVisualStudioVersion = 10.0.40219.1
Project("{FAE04EC0-301F-11D3-BF4B-00C04F79EFBC}") = "四則運算含括號", "四則運算含括號.csproj", "{9A66B889-CFBE-4FE0-912F-244E1E32ED6C}"
EndProject
Global
	GlobalSection(SolutionConfigurationPlatforms) = preSolution
		Debug|Any CPU = Debug|Any CPU
		Release|Any CPU = Release|Any CPU
	EndGlobalSection
	GlobalSection(ProjectConfigurationPlatforms) = postSolution
		{9A66B889-CFBE-4FE0-912F-244E1E32ED6C}.Debug|Any CPU.ActiveCfg = Debug|Any CPU
		{9A66B889-CFBE-4FE0-912F-244E1E32ED6C}.Debug|Any CPU.Build.0 = Debug|Any CPU
		{9A66B889-CFBE-4FE0-912F-244E1E32ED6C}.Release|Any CPU.ActiveCfg = Release|Any CPU
		{9A66B889-CFBE-4FE0-912F-244E1E32ED6C}.Release|Any CPU.Build.0 = Release|Any CPU
	EndGlobalSection
	GlobalSection(SolutionProperties) = preSolution
		HideSolutionNode = FALSE
	EndGlobalSection
	GlobalSection(ExtensibilityGlobals) = postSolution
		SolutionGuid = {396D98F9-C9CB-4E35-8647-75D26E9237EA}
	EndGlobalSection
EndGlobal
