
Microsoft Visual Studio Solution File, Format Version 12.00
# Visual Studio Version 17
VisualStudioVersion = 17.6.33829.357
MinimumVisualStudioVersion = 10.0.40219.1
Project("{FAE04EC0-301F-11D3-BF4B-00C04F79EFBC}") = "最小堆積樹資訊", "最小堆積樹資訊.csproj", "{B4D4F796-5D84-43A8-B886-80482C24FBF1}"
EndProject
Global
	GlobalSection(SolutionConfigurationPlatforms) = preSolution
		Debug|Any CPU = Debug|Any CPU
		Release|Any CPU = Release|Any CPU
	EndGlobalSection
	GlobalSection(ProjectConfigurationPlatforms) = postSolution
		{B4D4F796-5D84-43A8-B886-80482C24FBF1}.Debug|Any CPU.ActiveCfg = Debug|Any CPU
		{B4D4F796-5D84-43A8-B886-80482C24FBF1}.Debug|Any CPU.Build.0 = Debug|Any CPU
		{B4D4F796-5D84-43A8-B886-80482C24FBF1}.Release|Any CPU.ActiveCfg = Release|Any CPU
		{B4D4F796-5D84-43A8-B886-80482C24FBF1}.Release|Any CPU.Build.0 = Release|Any CPU
	EndGlobalSection
	GlobalSection(SolutionProperties) = preSolution
		HideSolutionNode = FALSE
	EndGlobalSection
	GlobalSection(ExtensibilityGlobals) = postSolution
		SolutionGuid = {9DC6A720-BF4C-42AB-8257-1632110E0625}
	EndGlobalSection
EndGlobal
