
Microsoft Visual Studio Solution File, Format Version 12.00
# Visual Studio Version 17
VisualStudioVersion = 17.7.34221.43
MinimumVisualStudioVersion = 10.0.40219.1
Project("{FAE04EC0-301F-11D3-BF4B-00C04F79EFBC}") = "括號優先處理順序", "括號優先處理順序.csproj", "{30C6FEBC-9045-406D-877F-4C8DBE148494}"
EndProject
Global
	GlobalSection(SolutionConfigurationPlatforms) = preSolution
		Debug|Any CPU = Debug|Any CPU
		Release|Any CPU = Release|Any CPU
	EndGlobalSection
	GlobalSection(ProjectConfigurationPlatforms) = postSolution
		{30C6FEBC-9045-406D-877F-4C8DBE148494}.Debug|Any CPU.ActiveCfg = Debug|Any CPU
		{30C6FEBC-9045-406D-877F-4C8DBE148494}.Debug|Any CPU.Build.0 = Debug|Any CPU
		{30C6FEBC-9045-406D-877F-4C8DBE148494}.Release|Any CPU.ActiveCfg = Release|Any CPU
		{30C6FEBC-9045-406D-877F-4C8DBE148494}.Release|Any CPU.Build.0 = Release|Any CPU
	EndGlobalSection
	GlobalSection(SolutionProperties) = preSolution
		HideSolutionNode = FALSE
	EndGlobalSection
	GlobalSection(ExtensibilityGlobals) = postSolution
		SolutionGuid = {924548EA-8E1B-4A36-9697-C29B29B81DE2}
	EndGlobalSection
EndGlobal
