
Microsoft Visual Studio Solution File, Format Version 12.00
# Visual Studio Version 17
VisualStudioVersion = 17.8.34330.188
MinimumVisualStudioVersion = 10.0.40219.1
Project("{FAE04EC0-301F-11D3-BF4B-00C04F79EFBC}") = "堆疊", "堆疊.csproj", "{18C26892-91C6-4513-9529-0F344CB97408}"
EndProject
Global
	GlobalSection(SolutionConfigurationPlatforms) = preSolution
		Debug|Any CPU = Debug|Any CPU
		Release|Any CPU = Release|Any CPU
	EndGlobalSection
	GlobalSection(ProjectConfigurationPlatforms) = postSolution
		{18C26892-91C6-4513-9529-0F344CB97408}.Debug|Any CPU.ActiveCfg = Debug|Any CPU
		{18C26892-91C6-4513-9529-0F344CB97408}.Debug|Any CPU.Build.0 = Debug|Any CPU
		{18C26892-91C6-4513-9529-0F344CB97408}.Release|Any CPU.ActiveCfg = Release|Any CPU
		{18C26892-91C6-4513-9529-0F344CB97408}.Release|Any CPU.Build.0 = Release|Any CPU
	EndGlobalSection
	GlobalSection(SolutionProperties) = preSolution
		HideSolutionNode = FALSE
	EndGlobalSection
	GlobalSection(ExtensibilityGlobals) = postSolution
		SolutionGuid = {0B3F0E4F-3BE6-49B8-B85A-D2EE3BF9FC11}
	EndGlobalSection
EndGlobal
