
Microsoft Visual Studio Solution File, Format Version 12.00
# Visual Studio Version 17
VisualStudioVersion = 17.7.34031.279
MinimumVisualStudioVersion = 10.0.40219.1
Project("{FAE04EC0-301F-11D3-BF4B-00C04F79EFBC}") = "307Range_Sum_Query_Mutable", "307Range_Sum_Query_Mutable.csproj", "{3F7A38FE-5630-4283-9891-19120F1D95E7}"
EndProject
Global
	GlobalSection(SolutionConfigurationPlatforms) = preSolution
		Debug|Any CPU = Debug|Any CPU
		Release|Any CPU = Release|Any CPU
	EndGlobalSection
	GlobalSection(ProjectConfigurationPlatforms) = postSolution
		{3F7A38FE-5630-4283-9891-19120F1D95E7}.Debug|Any CPU.ActiveCfg = Debug|Any CPU
		{3F7A38FE-5630-4283-9891-19120F1D95E7}.Debug|Any CPU.Build.0 = Debug|Any CPU
		{3F7A38FE-5630-4283-9891-19120F1D95E7}.Release|Any CPU.ActiveCfg = Release|Any CPU
		{3F7A38FE-5630-4283-9891-19120F1D95E7}.Release|Any CPU.Build.0 = Release|Any CPU
	EndGlobalSection
	GlobalSection(SolutionProperties) = preSolution
		HideSolutionNode = FALSE
	EndGlobalSection
	GlobalSection(ExtensibilityGlobals) = postSolution
		SolutionGuid = {470879F8-ACAF-4F4F-857D-6320EA4F003E}
	EndGlobalSection
EndGlobal
